
Microsoft Visual Studio Solution File, Format Version 12.00
# Visual Studio 15
VisualStudioVersion = 15.0.28307.757
MinimumVisualStudioVersion = 10.0.40219.1
Project("{9092AA53-FB77-4645-B42D-1CCCA6BD08BD}") = "AutoTradeBazookaFramework", "AutoTradeBazookaFramework\AutoTradeBazookaFramework.njsproj", "{4A9CBA2A-D291-4F4A-B4BF-A6CBA2369076}"
EndProject
Global
	GlobalSection(SolutionConfigurationPlatforms) = preSolution
		Debug|Any CPU = Debug|Any CPU
		Release|Any CPU = Release|Any CPU
	EndGlobalSection
	GlobalSection(ProjectConfigurationPlatforms) = postSolution
		{4A9CBA2A-D291-4F4A-B4BF-A6CBA2369076}.Debug|Any CPU.ActiveCfg = Debug|Any CPU
		{4A9CBA2A-D291-4F4A-B4BF-A6CBA2369076}.Debug|Any CPU.Build.0 = Debug|Any CPU
		{4A9CBA2A-D291-4F4A-B4BF-A6CBA2369076}.Release|Any CPU.ActiveCfg = Release|Any CPU
		{4A9CBA2A-D291-4F4A-B4BF-A6CBA2369076}.Release|Any CPU.Build.0 = Release|Any CPU
	EndGlobalSection
	GlobalSection(SolutionProperties) = preSolution
		HideSolutionNode = FALSE
	EndGlobalSection
	GlobalSection(ExtensibilityGlobals) = postSolution
		SolutionGuid = {3BC19EC1-27A6-4AD5-B428-72706C7D37CD}
	EndGlobalSection
EndGlobal
