
Microsoft Visual Studio Solution File, Format Version 12.00
# Visual Studio 15
VisualStudioVersion = 15.0.28307.757
MinimumVisualStudioVersion = 10.0.40219.1
Project("{9092AA53-FB77-4645-B42D-1CCCA6BD08BD}") = "AutoTradeGuanFramework", "AutoTradeGuanFramework\AutoTradeGuanFramework.njsproj", "{3E5C616F-384B-481F-BF62-CA97F55DA2F3}"
EndProject
Global
	GlobalSection(SolutionConfigurationPlatforms) = preSolution
		Debug|Any CPU = Debug|Any CPU
		Release|Any CPU = Release|Any CPU
	EndGlobalSection
	GlobalSection(ProjectConfigurationPlatforms) = postSolution
		{3E5C616F-384B-481F-BF62-CA97F55DA2F3}.Debug|Any CPU.ActiveCfg = Debug|Any CPU
		{3E5C616F-384B-481F-BF62-CA97F55DA2F3}.Debug|Any CPU.Build.0 = Debug|Any CPU
		{3E5C616F-384B-481F-BF62-CA97F55DA2F3}.Release|Any CPU.ActiveCfg = Release|Any CPU
		{3E5C616F-384B-481F-BF62-CA97F55DA2F3}.Release|Any CPU.Build.0 = Release|Any CPU
	EndGlobalSection
	GlobalSection(SolutionProperties) = preSolution
		HideSolutionNode = FALSE
	EndGlobalSection
	GlobalSection(ExtensibilityGlobals) = postSolution
		SolutionGuid = {913E1A48-114F-48A1-8A1A-6D8A3282C550}
	EndGlobalSection
EndGlobal
