
Microsoft Visual Studio Solution File, Format Version 12.00
# Visual Studio Version 16
VisualStudioVersion = 16.0.29709.97
MinimumVisualStudioVersion = 10.0.40219.1
Project("{9092AA53-FB77-4645-B42D-1CCCA6BD08BD}") = "AutoTradeBazookaFramework", "AutoTradeBazookaFramework.njsproj", "{CE76880D-E84B-4185-B6C9-5FD03F38005F}"
EndProject
Global
	GlobalSection(SolutionConfigurationPlatforms) = preSolution
		Debug|Any CPU = Debug|Any CPU
		Release|Any CPU = Release|Any CPU
	EndGlobalSection
	GlobalSection(ProjectConfigurationPlatforms) = postSolution
		{CE76880D-E84B-4185-B6C9-5FD03F38005F}.Debug|Any CPU.ActiveCfg = Debug|Any CPU
		{CE76880D-E84B-4185-B6C9-5FD03F38005F}.Debug|Any CPU.Build.0 = Debug|Any CPU
		{CE76880D-E84B-4185-B6C9-5FD03F38005F}.Release|Any CPU.ActiveCfg = Release|Any CPU
		{CE76880D-E84B-4185-B6C9-5FD03F38005F}.Release|Any CPU.Build.0 = Release|Any CPU
	EndGlobalSection
	GlobalSection(SolutionProperties) = preSolution
		HideSolutionNode = FALSE
	EndGlobalSection
	GlobalSection(ExtensibilityGlobals) = postSolution
		SolutionGuid = {E1AC5698-AF8A-406D-81EF-D8FF2E59EB5E}
	EndGlobalSection
EndGlobal
